{
  "nodes": {
    "nixpkgs": {
      "locked": {
        "lastModified": 1786862985,
        "narHash": "sha256-FBJRXmbGXiSUDvYEbfLYRkckayyZ6SK1UEqhCrIZ2Cs=",
        "owner": "NixOS",
        "repo": "nixpkgs",
        "rev": "e5bdc4a41d4c072fe1e3787eaa0320a384741d44",
        "type": "github"
      },
      "original": {
        "owner": "NixOS",
        "ref": "nixos-unstable",
        "repo": "nixpkgs",
        "type": "github"
      }
    },
    "raylib": {
      "flake": false,
      "locked": {
        "lastModified": 1731932470,
        "narHash": "sha256-J99i4z4JF7d6mJNuJIB0rHNDhXJ5AEkG0eBvvuBLHrY=",
        "owner": "raysan5",
        "repo": "raylib",
        "rev": "c1ab645ca298a2801097931d1079b10ff7eb9df8",
        "type": "github"
      },
      "original": {
        "owner": "raysan5",
        "ref": "5.5",
        "repo": "raylib",
        "type": "github"
      }
    },
    "root": {
      "inputs": {
        "nixpkgs": "nixpkgs",
        "raylib": "raylib"
      }
    }
  },
  "root": "root",
  "version": 7
}
